
Microsoft Visual Studio Solution File, Format Version 12.00
# Visual Studio Version 17
VisualStudioVersion = 17.1.32407.343
MinimumVisualStudioVersion = 10.0.40219.1
Project("{FAE04EC0-301F-11D3-BF4B-00C04F79EFBC}") = "Aska.WPF.Demo", "Aska.WPF.Demo\Aska.WPF.Demo.csproj", "{9A147D41-6092-46E0-BE10-B642A7CC0085}"
EndProject
Project("{9A19103F-16F7-4668-BE54-9A1E7A4F7556}") = "Aska.WPF", "Aska.WPF\Aska.WPF.csproj", "{49C027A2-ED46-4C10-8DE2-7F7C70FCA149}"
EndProject
Global
	GlobalSection(SolutionConfigurationPlatforms) = preSolution
		Debug|Any CPU = Debug|Any CPU
		Release|Any CPU = Release|Any CPU
	EndGlobalSection
	GlobalSection(ProjectConfigurationPlatforms) = postSolution
		{9A147D41-6092-46E0-BE10-B642A7CC0085}.Debug|Any CPU.ActiveCfg = Debug|Any CPU
		{9A147D41-6092-46E0-BE10-B642A7CC0085}.Debug|Any CPU.Build.0 = Debug|Any CPU
		{9A147D41-6092-46E0-BE10-B642A7CC0085}.Release|Any CPU.ActiveCfg = Release|Any CPU
		{9A147D41-6092-46E0-BE10-B642A7CC0085}.Release|Any CPU.Build.0 = Release|Any CPU
		{49C027A2-ED46-4C10-8DE2-7F7C70FCA149}.Debug|Any CPU.ActiveCfg = Debug|Any CPU
		{49C027A2-ED46-4C10-8DE2-7F7C70FCA149}.Debug|Any CPU.Build.0 = Debug|Any CPU
		{49C027A2-ED46-4C10-8DE2-7F7C70FCA149}.Release|Any CPU.ActiveCfg = Release|Any CPU
		{49C027A2-ED46-4C10-8DE2-7F7C70FCA149}.Release|Any CPU.Build.0 = Release|Any CPU
	EndGlobalSection
	GlobalSection(SolutionProperties) = preSolution
		HideSolutionNode = FALSE
	EndGlobalSection
	GlobalSection(ExtensibilityGlobals) = postSolution
		SolutionGuid = {77DB8242-ACB4-4FCA-A530-459200AE59CC}
	EndGlobalSection
EndGlobal
